lockfileVersion: '6.0'

settings:
  autoInstallPeers: true
  excludeLinksFromLockfile: false

dependencies:
  '@builder.io/qwik':
    specifier: ^1.2.10
    version: 1.2.10(undici@5.24.0)
  typescript:
    specifier: ^5.2.2
    version: 5.2.2

packages:

  /@builder.io/qwik@1.2.10(undici@5.24.0):
    resolution: {integrity: sha512-UJDqEx3p32cmafT9zPk9G623wy0HeMp+T6IE12HKOZtC28T4VC4lwbzkxowPIPd+GuwTSXfWSQzwwgbnOBiPgg==}
    engines: {node: '>=16.8.0 <18.0.0 || >=18.11'}
    hasBin: true
    peerDependencies:
      undici: ^5.14.0
    dependencies:
      csstype: 3.1.2
      undici: 5.24.0
    dev: false

  /busboy@1.6.0:
    resolution: {integrity: sha512-8SFQbg/0hQ9xy3UNTB0YEnsNBbWfhf7RtnzpL7TkBiTBRfrQ9Fxcnz7VJsleJpyp6rVLvXiuORqjlHi5q+PYuA==}
    engines: {node: '>=10.16.0'}
    dependencies:
      streamsearch: 1.1.0
    dev: false

  /csstype@3.1.2:
    resolution: {integrity: sha512-I7K1Uu0MBPzaFKg4nI5Q7Vs2t+3gWWW648spaF+Rg7pI9ds18Ugn+lvg4SHczUdKlHI5LWBXyqfS8+DufyBsgQ==}
    dev: false

  /streamsearch@1.1.0:
    resolution: {integrity: sha512-Mcc5wHehp9aXz1ax6bZUyY5afg9u2rv5cqQI3mRrYkGC8rW2hM02jWuwjtL++LS5qinSyhj2QfLyNsuc+VsExg==}
    engines: {node: '>=10.0.0'}
    dev: false

  /typescript@5.2.2:
    resolution: {integrity: sha512-mI4WrpHsbCIcwT9cF4FZvr80QUeKvsUsUvKDoR+X/7XHQH98xYD8YHZg7ANtz2GtZt/CBq2QJ0thkGJMHfqc1w==}
    engines: {node: '>=14.17'}
    hasBin: true
    dev: false

  /undici@5.24.0:
    resolution: {integrity: sha512-OKlckxBjFl0oXxcj9FU6oB8fDAaiRUq+D8jrFWGmOfI/gIyjk/IeS75LMzgYKUaeHzLUcYvf9bbJGSrUwTfwwQ==}
    engines: {node: '>=14.0'}
    dependencies:
      busboy: 1.6.0
    dev: false
